
Microsoft Visual Studio Solution File, Format Version 12.00
# Visual Studio Version 16
VisualStudioVersion = 16.0.29318.209
MinimumVisualStudioVersion = 10.0.40219.1
Project("{FAE04EC0-301F-11D3-BF4B-00C04F79EFBC}") = "Employees_Test_Task", "Employees_Test_Task\Employees_Test_Task.csproj", "{5A6A1953-0376-461D-89F9-1E67B5E68043}"
EndProject
Global
	GlobalSection(SolutionConfigurationPlatforms) = preSolution
		Debug|Any CPU = Debug|Any CPU
		Release|Any CPU = Release|Any CPU
	EndGlobalSection
	GlobalSection(ProjectConfigurationPlatforms) = postSolution
		{5A6A1953-0376-461D-89F9-1E67B5E68043}.Debug|Any CPU.ActiveCfg = Debug|Any CPU
		{5A6A1953-0376-461D-89F9-1E67B5E68043}.Debug|Any CPU.Build.0 = Debug|Any CPU
		{5A6A1953-0376-461D-89F9-1E67B5E68043}.Release|Any CPU.ActiveCfg = Release|Any CPU
		{5A6A1953-0376-461D-89F9-1E67B5E68043}.Release|Any CPU.Build.0 = Release|Any CPU
	EndGlobalSection
	GlobalSection(SolutionProperties) = preSolution
		HideSolutionNode = FALSE
	EndGlobalSection
	GlobalSection(ExtensibilityGlobals) = postSolution
		SolutionGuid = {916F82E7-1EAB-4C1A-8DCE-B313949DD4DA}
	EndGlobalSection
EndGlobal
